
Microsoft Visual Studio Solution File, Format Version 12.00
# Visual Studio 15
VisualStudioVersion = 15.0.28307.539
MinimumVisualStudioVersion = 10.0.40219.1
Project("{FAE04EC0-301F-11D3-BF4B-00C04F79EFBC}") = "LoginSystem", "LoginSystem\LoginSystem.csproj", "{2125C716-9DEC-4EC3-B547-51347F2E131B}"
EndProject
Global
	GlobalSection(SolutionConfigurationPlatforms) = preSolution
		Debug|Any CPU = Debug|Any CPU
		Release|Any CPU = Release|Any CPU
	EndGlobalSection
	GlobalSection(ProjectConfigurationPlatforms) = postSolution
		{2125C716-9DEC-4EC3-B547-51347F2E131B}.Debug|Any CPU.ActiveCfg = Debug|Any CPU
		{2125C716-9DEC-4EC3-B547-51347F2E131B}.Debug|Any CPU.Build.0 = Debug|Any CPU
		{2125C716-9DEC-4EC3-B547-51347F2E131B}.Release|Any CPU.ActiveCfg = Release|Any CPU
		{2125C716-9DEC-4EC3-B547-51347F2E131B}.Release|Any CPU.Build.0 = Release|Any CPU
	EndGlobalSection
	GlobalSection(SolutionProperties) = preSolution
		HideSolutionNode = FALSE
	EndGlobalSection
	GlobalSection(ExtensibilityGlobals) = postSolution
		SolutionGuid = {960CE1A8-6D7A-4750-BC15-E59EEBEEB86C}
	EndGlobalSection
EndGlobal
